# This file is autogenerated, do not edit; changes may be undone by the next 'dep ensure'.


[[projects]]
  branch = "master"
  name = "github.com/google/go-querystring"
  packages = ["query"]
  revision = "53e6ce116135b80d037921a7fdd5138cf32d7a8a"

[[projects]]
  branch = "master"
  name = "github.com/micrypt/go-plivo"
  packages = ["plivo"]
  revision = "20a152706e1a0fe2969fd83f0265e10a79b91d61"

[[projects]]
  branch = "master"
  name = "github.com/sloonz/go-qprintable"
  packages = ["."]
  revision = "775b3a4592d5bfc47b0ba398ec0d4dba018e5926"

[[projects]]
  branch = "master"
  name = "golang.org/x/text"
  packages = ["encoding","encoding/charmap","encoding/ianaindex","encoding/internal","encoding/internal/identifier","encoding/japanese","encoding/korean","encoding/simplifiedchinese","encoding/traditionalchinese","encoding/unicode","internal/gen","internal/utf8internal","runes","transform","unicode/cldr"]
  revision = "3bd178b88a8180be2df394a1fbb81313916f0e7b"

[solve-meta]
  analyzer-name = "dep"
  analyzer-version = 1
  inputs-digest = "1e7d08ac6d87bb1905670366035086d614bbe8f069409cf9ca58ea01eff8a7c2"
  solver-name = "gps-cdcl"
  solver-version = 1
